
Microsoft Visual Studio Solution File, Format Version 12.00
# Visual Studio Version 17
VisualStudioVersion = 17.12.35707.178 d17.12
MinimumVisualStudioVersion = 10.0.40219.1
Project("{FAE04EC0-301F-11D3-BF4B-00C04F79EFBC}") = "SauceDemo.Core", "SauceDemo.Core\SauceDemo.Core.csproj", "{1E52E3E5-2A81-4911-8963-016723C07CE8}"
EndProject
Project("{FAE04EC0-301F-11D3-BF4B-00C04F79EFBC}") = "SauceDemo.Business", "SauceDemo.Business\SauceDemo.Business.csproj", "{F04190EE-E3BD-4DD5-95C4-560BE27F5E57}"
EndProject
Project("{FAE04EC0-301F-11D3-BF4B-00C04F79EFBC}") = "SauceDemo.Tests", "SauceDemo.Tests\SauceDemo.Tests.csproj", "{D19606FD-A925-448E-A383-34A2EEF3B821}"
EndProject
Global
	GlobalSection(SolutionConfigurationPlatforms) = preSolution
		Debug|Any CPU = Debug|Any CPU
		Release|Any CPU = Release|Any CPU
	EndGlobalSection
	GlobalSection(ProjectConfigurationPlatforms) = postSolution
		{1E52E3E5-2A81-4911-8963-016723C07CE8}.Debug|Any CPU.ActiveCfg = Debug|Any CPU
		{1E52E3E5-2A81-4911-8963-016723C07CE8}.Debug|Any CPU.Build.0 = Debug|Any CPU
		{1E52E3E5-2A81-4911-8963-016723C07CE8}.Release|Any CPU.ActiveCfg = Release|Any CPU
		{1E52E3E5-2A81-4911-8963-016723C07CE8}.Release|Any CPU.Build.0 = Release|Any CPU
		{F04190EE-E3BD-4DD5-95C4-560BE27F5E57}.Debug|Any CPU.ActiveCfg = Debug|Any CPU
		{F04190EE-E3BD-4DD5-95C4-560BE27F5E57}.Debug|Any CPU.Build.0 = Debug|Any CPU
		{F04190EE-E3BD-4DD5-95C4-560BE27F5E57}.Release|Any CPU.ActiveCfg = Release|Any CPU
		{F04190EE-E3BD-4DD5-95C4-560BE27F5E57}.Release|Any CPU.Build.0 = Release|Any CPU
		{D19606FD-A925-448E-A383-34A2EEF3B821}.Debug|Any CPU.ActiveCfg = Debug|Any CPU
		{D19606FD-A925-448E-A383-34A2EEF3B821}.Debug|Any CPU.Build.0 = Debug|Any CPU
		{D19606FD-A925-448E-A383-34A2EEF3B821}.Release|Any CPU.ActiveCfg = Release|Any CPU
		{D19606FD-A925-448E-A383-34A2EEF3B821}.Release|Any CPU.Build.0 = Release|Any CPU
	EndGlobalSection
	GlobalSection(SolutionProperties) = preSolution
		HideSolutionNode = FALSE
	EndGlobalSection
EndGlobal
